
Microsoft Visual Studio Solution File, Format Version 12.00
# Visual Studio Version 17
VisualStudioVersion = 17.2.32516.85
MinimumVisualStudioVersion = 10.0.40219.1
Project("{FAE04EC0-301F-11D3-BF4B-00C04F79EFBC}") = "Svg.DataAccess", "Svg.DataAccess\Svg.DataAccess.csproj", "{ED5B962A-C726-4A67-8FC9-59A021FF144C}"
EndProject
Project("{FAE04EC0-301F-11D3-BF4B-00C04F79EFBC}") = "Svg.Repository", "Svg.Repository\Svg.Repository.csproj", "{2B10C50B-EE1A-4751-9812-02B0EB7914C2}"
EndProject
Project("{FAE04EC0-301F-11D3-BF4B-00C04F79EFBC}") = "Svg.Service", "Svg.Service\Svg.Service.csproj", "{80425A6E-48AF-408E-8655-44D073A8D762}"
EndProject
Project("{FAE04EC0-301F-11D3-BF4B-00C04F79EFBC}") = "Svg.WebApp", "Svg.WebApp\Svg.WebApp.csproj", "{E45C7E36-0402-42EF-92FF-018F5BF0E6F8}"
EndProject
Global
	GlobalSection(SolutionConfigurationPlatforms) = preSolution
		Debug|Any CPU = Debug|Any CPU
		Release|Any CPU = Release|Any CPU
	EndGlobalSection
	GlobalSection(ProjectConfigurationPlatforms) = postSolution
		{ED5B962A-C726-4A67-8FC9-59A021FF144C}.Debug|Any CPU.ActiveCfg = Debug|Any CPU
		{ED5B962A-C726-4A67-8FC9-59A021FF144C}.Debug|Any CPU.Build.0 = Debug|Any CPU
		{ED5B962A-C726-4A67-8FC9-59A021FF144C}.Release|Any CPU.ActiveCfg = Release|Any CPU
		{ED5B962A-C726-4A67-8FC9-59A021FF144C}.Release|Any CPU.Build.0 = Release|Any CPU
		{2B10C50B-EE1A-4751-9812-02B0EB7914C2}.Debug|Any CPU.ActiveCfg = Debug|Any CPU
		{2B10C50B-EE1A-4751-9812-02B0EB7914C2}.Debug|Any CPU.Build.0 = Debug|Any CPU
		{2B10C50B-EE1A-4751-9812-02B0EB7914C2}.Release|Any CPU.ActiveCfg = Release|Any CPU
		{2B10C50B-EE1A-4751-9812-02B0EB7914C2}.Release|Any CPU.Build.0 = Release|Any CPU
		{80425A6E-48AF-408E-8655-44D073A8D762}.Debug|Any CPU.ActiveCfg = Debug|Any CPU
		{80425A6E-48AF-408E-8655-44D073A8D762}.Debug|Any CPU.Build.0 = Debug|Any CPU
		{80425A6E-48AF-408E-8655-44D073A8D762}.Release|Any CPU.ActiveCfg = Release|Any CPU
		{80425A6E-48AF-408E-8655-44D073A8D762}.Release|Any CPU.Build.0 = Release|Any CPU
		{E45C7E36-0402-42EF-92FF-018F5BF0E6F8}.Debug|Any CPU.ActiveCfg = Debug|Any CPU
		{E45C7E36-0402-42EF-92FF-018F5BF0E6F8}.Debug|Any CPU.Build.0 = Debug|Any CPU
		{E45C7E36-0402-42EF-92FF-018F5BF0E6F8}.Release|Any CPU.ActiveCfg = Release|Any CPU
		{E45C7E36-0402-42EF-92FF-018F5BF0E6F8}.Release|Any CPU.Build.0 = Release|Any CPU
	EndGlobalSection
	GlobalSection(SolutionProperties) = preSolution
		HideSolutionNode = FALSE
	EndGlobalSection
	GlobalSection(ExtensibilityGlobals) = postSolution
		SolutionGuid = {B5B77512-8516-4AE3-8DCC-D2208436D675}
	EndGlobalSection
EndGlobal
